
Microsoft Visual Studio Solution File, Format Version 12.00
# Visual Studio Version 16
VisualStudioVersion = 16.0.34601.136
MinimumVisualStudioVersion = 10.0.40219.1
Project("{2150E333-8FDC-42A3-9474-1A3956D46DE8}") = "SourceCode", "SourceCode", "{19DC7775-FAA6-4DC7-AD42-D5551CA59378}"
EndProject
Project("{9A19103F-16F7-4668-BE54-9A1E7A4F7556}") = "CASolution.SharedKernel", "src\CASolution.SharedKernel\CASolution.SharedKernel.csproj", "{C4D41DE3-DF9D-4995-82B4-297B03C369B9}"
EndProject
Project("{2150E333-8FDC-42A3-9474-1A3956D46DE8}") = "SharedKernel", "SharedKernel", "{3014B872-0E60-499C-ADDD-6F27B2CCE784}"
EndProject
Project("{2150E333-8FDC-42A3-9474-1A3956D46DE8}") = "Domain", "Domain", "{A858AF16-2FA0-4E6E-AB2E-7700B3A01D0F}"
EndProject
Project("{9A19103F-16F7-4668-BE54-9A1E7A4F7556}") = "CASolution.Domain", "src\CASolution.Domain\CASolution.Domain.csproj", "{4C2A5E81-CC71-4C7F-BD06-529C46255ABC}"
EndProject
Project("{2150E333-8FDC-42A3-9474-1A3956D46DE8}") = "Application", "Application", "{E94697AA-320C-45FC-8227-CA9F75313E88}"
EndProject
Project("{FAE04EC0-301F-11D3-BF4B-00C04F79EFBC}") = "CASolution.Application", "src\CASolution.Application\CASolution.Application.csproj", "{A7D22FA9-2A75-4B24-BB22-62E0CC87C100}"
EndProject
Project("{2150E333-8FDC-42A3-9474-1A3956D46DE8}") = "Infrastructure", "Infrastructure", "{7FA59F29-18ED-4399-B221-0FD5261F5831}"
EndProject
Project("{2150E333-8FDC-42A3-9474-1A3956D46DE8}") = "Services", "Services", "{12D3417B-01F0-42D5-80AA-36B3E90DDFEC}"
EndProject
Project("{2150E333-8FDC-42A3-9474-1A3956D46DE8}") = "Persisitence", "Persisitence", "{E198B003-9C2F-4AEA-BD15-C4C02F7B27D1}"
EndProject
Project("{FAE04EC0-301F-11D3-BF4B-00C04F79EFBC}") = "CASolution.Infrastructure.Services", "src\CASolution.Infrastructure.Services\CASolution.Infrastructure.Services.csproj", "{C112AF0E-26EA-4E66-88CF-40DA79DC6CA2}"
EndProject
Project("{FAE04EC0-301F-11D3-BF4B-00C04F79EFBC}") = "CASolution.Infrastructure.Persistence", "src\CASolution.Infrastructure.Persistence\CASolution.Infrastructure.Persistence.csproj", "{786E8950-A2BF-4942-AEFD-139F9DDA77EB}"
EndProject
Project("{2150E333-8FDC-42A3-9474-1A3956D46DE8}") = "Presentation", "Presentation", "{A31E6E2E-F91E-49AC-83F9-9FC1F60249F1}"
EndProject
Project("{2150E333-8FDC-42A3-9474-1A3956D46DE8}") = "Contracts", "Contracts", "{5B0B6EF6-CC7B-496A-A534-AA861C03AAA9}"
EndProject
Project("{2150E333-8FDC-42A3-9474-1A3956D46DE8}") = "Web", "Web", "{510BDAA9-316A-43A1-90FC-679895100D4F}"
EndProject
Project("{2150E333-8FDC-42A3-9474-1A3956D46DE8}") = "API", "API", "{4B2EAFB6-82CC-4555-8ED0-1AE0B25B1381}"
EndProject
Project("{FAE04EC0-301F-11D3-BF4B-00C04F79EFBC}") = "CASolution.API", "src\CASolution.API\CASolution.API.csproj", "{CA5C25B1-7759-4784-94C5-91E2A4A513B6}"
EndProject
Project("{FAE04EC0-301F-11D3-BF4B-00C04F79EFBC}") = "CASolution.Contracts", "src\CASolution.Contracts\CASolution.Contracts.csproj", "{CC5C49AF-A8C8-46C0-BD0D-1F9E45F7C38D}"
EndProject
Project("{2150E333-8FDC-42A3-9474-1A3956D46DE8}") = "Tests", "Tests", "{57C80B80-5A30-4A9C-8AAF-F4D1D4D5D5CC}"
EndProject
Project("{2150E333-8FDC-42A3-9474-1A3956D46DE8}") = "ArchitectureTest", "ArchitectureTest", "{C1387FDB-5B99-446E-91EA-49D7B64E5605}"
EndProject
Project("{FAE04EC0-301F-11D3-BF4B-00C04F79EFBC}") = "CASolution.Web", "src\CASolution.Web\CASolution.Web.csproj", "{9D89B9DF-6996-4350-AADF-6EC05FB76519}"
EndProject
Project("{FAE04EC0-301F-11D3-BF4B-00C04F79EFBC}") = "CASolution.ArchitectureTest", "tests\CASolution.ArchitectureTest\CASolution.ArchitectureTest.csproj", "{987ADAE2-7DC2-4C66-8B7D-2DADB312F461}"
EndProject
Global
	GlobalSection(SolutionConfigurationPlatforms) = preSolution
		Debug|Any CPU = Debug|Any CPU
		Release|Any CPU = Release|Any CPU
	EndGlobalSection
	GlobalSection(ProjectConfigurationPlatforms) = postSolution
		{C4D41DE3-DF9D-4995-82B4-297B03C369B9}.Debug|Any CPU.ActiveCfg = Debug|Any CPU
		{C4D41DE3-DF9D-4995-82B4-297B03C369B9}.Debug|Any CPU.Build.0 = Debug|Any CPU
		{C4D41DE3-DF9D-4995-82B4-297B03C369B9}.Release|Any CPU.ActiveCfg = Release|Any CPU
		{C4D41DE3-DF9D-4995-82B4-297B03C369B9}.Release|Any CPU.Build.0 = Release|Any CPU
		{4C2A5E81-CC71-4C7F-BD06-529C46255ABC}.Debug|Any CPU.ActiveCfg = Debug|Any CPU
		{4C2A5E81-CC71-4C7F-BD06-529C46255ABC}.Debug|Any CPU.Build.0 = Debug|Any CPU
		{4C2A5E81-CC71-4C7F-BD06-529C46255ABC}.Release|Any CPU.ActiveCfg = Release|Any CPU
		{4C2A5E81-CC71-4C7F-BD06-529C46255ABC}.Release|Any CPU.Build.0 = Release|Any CPU
		{A7D22FA9-2A75-4B24-BB22-62E0CC87C100}.Debug|Any CPU.ActiveCfg = Debug|Any CPU
		{A7D22FA9-2A75-4B24-BB22-62E0CC87C100}.Debug|Any CPU.Build.0 = Debug|Any CPU
		{A7D22FA9-2A75-4B24-BB22-62E0CC87C100}.Release|Any CPU.ActiveCfg = Release|Any CPU
		{A7D22FA9-2A75-4B24-BB22-62E0CC87C100}.Release|Any CPU.Build.0 = Release|Any CPU
		{C112AF0E-26EA-4E66-88CF-40DA79DC6CA2}.Debug|Any CPU.ActiveCfg = Debug|Any CPU
		{C112AF0E-26EA-4E66-88CF-40DA79DC6CA2}.Debug|Any CPU.Build.0 = Debug|Any CPU
		{C112AF0E-26EA-4E66-88CF-40DA79DC6CA2}.Release|Any CPU.ActiveCfg = Release|Any CPU
		{C112AF0E-26EA-4E66-88CF-40DA79DC6CA2}.Release|Any CPU.Build.0 = Release|Any CPU
		{786E8950-A2BF-4942-AEFD-139F9DDA77EB}.Debug|Any CPU.ActiveCfg = Debug|Any CPU
		{786E8950-A2BF-4942-AEFD-139F9DDA77EB}.Debug|Any CPU.Build.0 = Debug|Any CPU
		{786E8950-A2BF-4942-AEFD-139F9DDA77EB}.Release|Any CPU.ActiveCfg = Release|Any CPU
		{786E8950-A2BF-4942-AEFD-139F9DDA77EB}.Release|Any CPU.Build.0 = Release|Any CPU
		{CA5C25B1-7759-4784-94C5-91E2A4A513B6}.Debug|Any CPU.ActiveCfg = Debug|Any CPU
		{CA5C25B1-7759-4784-94C5-91E2A4A513B6}.Debug|Any CPU.Build.0 = Debug|Any CPU
		{CA5C25B1-7759-4784-94C5-91E2A4A513B6}.Release|Any CPU.ActiveCfg = Release|Any CPU
		{CA5C25B1-7759-4784-94C5-91E2A4A513B6}.Release|Any CPU.Build.0 = Release|Any CPU
		{CC5C49AF-A8C8-46C0-BD0D-1F9E45F7C38D}.Debug|Any CPU.ActiveCfg = Debug|Any CPU
		{CC5C49AF-A8C8-46C0-BD0D-1F9E45F7C38D}.Debug|Any CPU.Build.0 = Debug|Any CPU
		{CC5C49AF-A8C8-46C0-BD0D-1F9E45F7C38D}.Release|Any CPU.ActiveCfg = Release|Any CPU
		{CC5C49AF-A8C8-46C0-BD0D-1F9E45F7C38D}.Release|Any CPU.Build.0 = Release|Any CPU
		{9D89B9DF-6996-4350-AADF-6EC05FB76519}.Debug|Any CPU.ActiveCfg = Debug|Any CPU
		{9D89B9DF-6996-4350-AADF-6EC05FB76519}.Debug|Any CPU.Build.0 = Debug|Any CPU
		{9D89B9DF-6996-4350-AADF-6EC05FB76519}.Release|Any CPU.ActiveCfg = Release|Any CPU
		{9D89B9DF-6996-4350-AADF-6EC05FB76519}.Release|Any CPU.Build.0 = Release|Any CPU
		{987ADAE2-7DC2-4C66-8B7D-2DADB312F461}.Debug|Any CPU.ActiveCfg = Debug|Any CPU
		{987ADAE2-7DC2-4C66-8B7D-2DADB312F461}.Debug|Any CPU.Build.0 = Debug|Any CPU
		{987ADAE2-7DC2-4C66-8B7D-2DADB312F461}.Release|Any CPU.ActiveCfg = Release|Any CPU
		{987ADAE2-7DC2-4C66-8B7D-2DADB312F461}.Release|Any CPU.Build.0 = Release|Any CPU
	EndGlobalSection
	GlobalSection(SolutionProperties) = preSolution
		HideSolutionNode = FALSE
	EndGlobalSection
	GlobalSection(NestedProjects) = preSolution
		{C4D41DE3-DF9D-4995-82B4-297B03C369B9} = {3014B872-0E60-499C-ADDD-6F27B2CCE784}
		{3014B872-0E60-499C-ADDD-6F27B2CCE784} = {19DC7775-FAA6-4DC7-AD42-D5551CA59378}
		{A858AF16-2FA0-4E6E-AB2E-7700B3A01D0F} = {19DC7775-FAA6-4DC7-AD42-D5551CA59378}
		{4C2A5E81-CC71-4C7F-BD06-529C46255ABC} = {A858AF16-2FA0-4E6E-AB2E-7700B3A01D0F}
		{E94697AA-320C-45FC-8227-CA9F75313E88} = {19DC7775-FAA6-4DC7-AD42-D5551CA59378}
		{A7D22FA9-2A75-4B24-BB22-62E0CC87C100} = {E94697AA-320C-45FC-8227-CA9F75313E88}
		{7FA59F29-18ED-4399-B221-0FD5261F5831} = {19DC7775-FAA6-4DC7-AD42-D5551CA59378}
		{12D3417B-01F0-42D5-80AA-36B3E90DDFEC} = {7FA59F29-18ED-4399-B221-0FD5261F5831}
		{E198B003-9C2F-4AEA-BD15-C4C02F7B27D1} = {7FA59F29-18ED-4399-B221-0FD5261F5831}
		{C112AF0E-26EA-4E66-88CF-40DA79DC6CA2} = {12D3417B-01F0-42D5-80AA-36B3E90DDFEC}
		{786E8950-A2BF-4942-AEFD-139F9DDA77EB} = {E198B003-9C2F-4AEA-BD15-C4C02F7B27D1}
		{A31E6E2E-F91E-49AC-83F9-9FC1F60249F1} = {19DC7775-FAA6-4DC7-AD42-D5551CA59378}
		{5B0B6EF6-CC7B-496A-A534-AA861C03AAA9} = {A31E6E2E-F91E-49AC-83F9-9FC1F60249F1}
		{510BDAA9-316A-43A1-90FC-679895100D4F} = {A31E6E2E-F91E-49AC-83F9-9FC1F60249F1}
		{4B2EAFB6-82CC-4555-8ED0-1AE0B25B1381} = {19DC7775-FAA6-4DC7-AD42-D5551CA59378}
		{CA5C25B1-7759-4784-94C5-91E2A4A513B6} = {4B2EAFB6-82CC-4555-8ED0-1AE0B25B1381}
		{CC5C49AF-A8C8-46C0-BD0D-1F9E45F7C38D} = {5B0B6EF6-CC7B-496A-A534-AA861C03AAA9}
		{C1387FDB-5B99-446E-91EA-49D7B64E5605} = {57C80B80-5A30-4A9C-8AAF-F4D1D4D5D5CC}
		{9D89B9DF-6996-4350-AADF-6EC05FB76519} = {510BDAA9-316A-43A1-90FC-679895100D4F}
		{987ADAE2-7DC2-4C66-8B7D-2DADB312F461} = {C1387FDB-5B99-446E-91EA-49D7B64E5605}
	EndGlobalSection
	GlobalSection(ExtensibilityGlobals) = postSolution
		SolutionGuid = {4E1A327E-1CD6-4A5A-AFDD-A297BE63A788}
	EndGlobalSection
EndGlobal
